
Microsoft Visual Studio Solution File, Format Version 12.00
# Visual Studio Version 16
VisualStudioVersion = 16.0.29102.190
MinimumVisualStudioVersion = 10.0.40219.1
Project("{9A19103F-16F7-4668-BE54-9A1E7A4F7556}") = "CadExtract.Library", "CadExtract.Library\CadExtract.Library.csproj", "{41F4DDCD-548C-48B8-BCF7-CB6E59AF19FB}"
EndProject
Project("{9A19103F-16F7-4668-BE54-9A1E7A4F7556}") = "CadExtract.ConsoleApp", "CadExtract.ConsoleApp\CadExtract.ConsoleApp.csproj", "{96E511D2-A1A8-40D5-BB62-8FF764E717FF}"
EndProject
Project("{FAE04EC0-301F-11D3-BF4B-00C04F79EFBC}") = "CadExtract.WpfApp", "CadExtract.WpfApp\CadExtract.WpfApp.csproj", "{4B0B3694-8834-4C18-8D28-4EF5BF590710}"
EndProject
Project("{2150E333-8FDC-42A3-9474-1A3956D46DE8}") = "Data", "Data", "{D6ED585A-E8ED-48AE-B483-C4B3FBD9F1F1}"
EndProject
Project("{2150E333-8FDC-42A3-9474-1A3956D46DE8}") = "Notes", "Notes", "{74EB32EC-43D8-4289-8B6E-DA68D89C7E2A}"
	ProjectSection(SolutionItems) = preProject
		..\README.md = ..\README.md
	EndProjectSection
EndProject
Global
	GlobalSection(SolutionConfigurationPlatforms) = preSolution
		Debug|Any CPU = Debug|Any CPU
		Release|Any CPU = Release|Any CPU
	EndGlobalSection
	GlobalSection(ProjectConfigurationPlatforms) = postSolution
		{41F4DDCD-548C-48B8-BCF7-CB6E59AF19FB}.Debug|Any CPU.ActiveCfg = Debug|Any CPU
		{41F4DDCD-548C-48B8-BCF7-CB6E59AF19FB}.Debug|Any CPU.Build.0 = Debug|Any CPU
		{41F4DDCD-548C-48B8-BCF7-CB6E59AF19FB}.Release|Any CPU.ActiveCfg = Release|Any CPU
		{41F4DDCD-548C-48B8-BCF7-CB6E59AF19FB}.Release|Any CPU.Build.0 = Release|Any CPU
		{96E511D2-A1A8-40D5-BB62-8FF764E717FF}.Debug|Any CPU.ActiveCfg = Debug|Any CPU
		{96E511D2-A1A8-40D5-BB62-8FF764E717FF}.Debug|Any CPU.Build.0 = Debug|Any CPU
		{96E511D2-A1A8-40D5-BB62-8FF764E717FF}.Release|Any CPU.ActiveCfg = Release|Any CPU
		{96E511D2-A1A8-40D5-BB62-8FF764E717FF}.Release|Any CPU.Build.0 = Release|Any CPU
		{4B0B3694-8834-4C18-8D28-4EF5BF590710}.Debug|Any CPU.ActiveCfg = Debug|Any CPU
		{4B0B3694-8834-4C18-8D28-4EF5BF590710}.Debug|Any CPU.Build.0 = Debug|Any CPU
		{4B0B3694-8834-4C18-8D28-4EF5BF590710}.Release|Any CPU.ActiveCfg = Release|Any CPU
		{4B0B3694-8834-4C18-8D28-4EF5BF590710}.Release|Any CPU.Build.0 = Release|Any CPU
	EndGlobalSection
	GlobalSection(SolutionProperties) = preSolution
		HideSolutionNode = FALSE
	EndGlobalSection
	GlobalSection(ExtensibilityGlobals) = postSolution
		SolutionGuid = {EB3C82F6-D247-4B9F-B7C7-5FEA623C1E2C}
	EndGlobalSection
EndGlobal
